// !$*UTF8*$!
{
	archiveVersion = 1;
	classes = {
	};
	objectVersion = 77;
	objects = {

/* Begin PBXBuildFile section */
		6CADE95E2D1990590035A82D /* StatsService.swift in Sources */ = {isa = PBXBuildFile; fileRef = 6CADE95D2D1990590035A82D /* StatsService.swift */; };
		6CADE9632D19905E0035A82D /* Player.swift in Sources */ = {isa = PBXBuildFile; fileRef = 6CADE9612D19905E0035A82D /* Player.swift */; };
		6CADE9642D19905E0035A82D /* Club.swift in Sources */ = {isa = PBXBuildFile; fileRef = 6CADE9602D19905E0035A82D /* Club.swift */; };
		6CADE9652D19905E0035A82D /* League.swift in Sources */ = {isa = PBXBuildFile; fileRef = 6CADE95F2D19905E0035A82D /* League.swift */; };
		6CFA87EF2D1998C00093844B /* LeagueResponse.swift in Sources */ = {isa = PBXBuildFile; fileRef = 6CFA87EB2D1998C00093844B /* LeagueResponse.swift */; };
		6CFA87F02D1998C00093844B /* PlayerResponse.swift in Sources */ = {isa = PBXBuildFile; fileRef = 6CFA87ED2D1998C00093844B /* PlayerResponse.swift */; };
		6CFA87F12D1998C00093844B /* ClubsResponse.swift in Sources */ = {isa = PBXBuildFile; fileRef = 6CFA87EC2D1998C00093844B /* ClubsResponse.swift */; };
		87334AB9BBAD8096A5BBC527 /* Pods_StatsAPI.framework in Frameworks */ = {isa = PBXBuildFile; fileRef = 68AF3DA7D9920E271C772783 /* Pods_StatsAPI.framework */; };
/* End PBXBuildFile section */

/* Begin PBXFileReference section */
		29A2AE04CD822E133971A95D /* Pods-StatsAPI.debug.xcconfig */ = {isa = PBXFileReference; includeInIndex = 1; lastKnownFileType = text.xcconfig; name = "Pods-StatsAPI.debug.xcconfig"; path = "Target Support Files/Pods-StatsAPI/Pods-StatsAPI.debug.xcconfig"; sourceTree = "<group>"; };
		68AF3DA7D9920E271C772783 /* Pods_StatsAPI.framework */ = {isa = PBXFileReference; explicitFileType = wrapper.framework; includeInIndex = 0; path = Pods_StatsAPI.framework; sourceTree = BUILT_PRODUCTS_DIR; };
		6CADE8A32D198CA20035A82D /* StatsAPI.framework */ = {isa = PBXFileReference; explicitFileType = wrapper.framework; includeInIndex = 0; path = StatsAPI.framework; sourceTree = BUILT_PRODUCTS_DIR; };
		6CADE95D2D1990590035A82D /* StatsService.swift */ = {isa = PBXFileReference; lastKnownFileType = sourcecode.swift; path = StatsService.swift; sourceTree = "<group>"; };
		6CADE95F2D19905E0035A82D /* League.swift */ = {isa = PBXFileReference; lastKnownFileType = sourcecode.swift; path = League.swift; sourceTree = "<group>"; };
		6CADE9602D19905E0035A82D /* Club.swift */ = {isa = PBXFileReference; lastKnownFileType = sourcecode.swift; path = Club.swift; sourceTree = "<group>"; };
		6CADE9612D19905E0035A82D /* Player.swift */ = {isa = PBXFileReference; lastKnownFileType = sourcecode.swift; path = Player.swift; sourceTree = "<group>"; };
		6CFA87EB2D1998C00093844B /* LeagueResponse.swift */ = {isa = PBXFileReference; lastKnownFileType = sourcecode.swift; path = LeagueResponse.swift; sourceTree = "<group>"; };
		6CFA87EC2D1998C00093844B /* ClubsResponse.swift */ = {isa = PBXFileReference; lastKnownFileType = sourcecode.swift; path = ClubsResponse.swift; sourceTree = "<group>"; };
		6CFA87ED2D1998C00093844B /* PlayerResponse.swift */ = {isa = PBXFileReference; lastKnownFileType = sourcecode.swift; path = PlayerResponse.swift; sourceTree = "<group>"; };
		E5895F48F3999C2FBF68C78F /* Pods-StatsAPI.release.xcconfig */ = {isa = PBXFileReference; includeInIndex = 1; lastKnownFileType = text.xcconfig; name = "Pods-StatsAPI.release.xcconfig"; path = "Target Support Files/Pods-StatsAPI/Pods-StatsAPI.release.xcconfig"; sourceTree = "<group>"; };
/* End PBXFileReference section */

/* Begin PBXFileSystemSynchronizedBuildFileExceptionSet section */
		6CADE8A82D198CA20035A82D /* Exceptions for "StatsAPI" folder in "StatsAPI" target */ = {
			isa = PBXFileSystemSynchronizedBuildFileExceptionSet;
			publicHeaders = (
				StatsAPI.h,
			);
			target = 6CADE8A22D198CA20035A82D /* StatsAPI */;
		};
/* End PBXFileSystemSynchronizedBuildFileExceptionSet section */

/* Begin PBXFileSystemSynchronizedRootGroup section */
		6CADE8A52D198CA20035A82D /* StatsAPI */ = {
			isa = PBXFileSystemSynchronizedRootGroup;
			exceptions = (
				6CADE8A82D198CA20035A82D /* Exceptions for "StatsAPI" folder in "StatsAPI" target */,
			);
			path = StatsAPI;
			sourceTree = "<group>";
		};
/* End PBXFileSystemSynchronizedRootGroup section */

/* Begin PBXFrameworksBuildPhase section */
		6CADE8A02D198CA20035A82D /* Frameworks */ = {
			isa = PBXFrameworksBuildPhase;
			buildActionMask = 2147483647;
			files = (
				87334AB9BBAD8096A5BBC527 /* Pods_StatsAPI.framework in Frameworks */,
			);
			runOnlyForDeploymentPostprocessing = 0;
		};
/* End PBXFrameworksBuildPhase section */

/* Begin PBXGroup section */
		64759310FE8694A3F973361F /* Pods */ = {
			isa = PBXGroup;
			children = (
				29A2AE04CD822E133971A95D /* Pods-StatsAPI.debug.xcconfig */,
				E5895F48F3999C2FBF68C78F /* Pods-StatsAPI.release.xcconfig */,
			);
			name = Pods;
			path = ../Pods;
			sourceTree = "<group>";
		};
		6CADE8992D198CA20035A82D = {
			isa = PBXGroup;
			children = (
				6CADE95D2D1990590035A82D /* StatsService.swift */,
				6CADE9622D19905E0035A82D /* DTOs */,
				6CFA87EE2D1998C00093844B /* Responses */,
				6CADE8A52D198CA20035A82D /* StatsAPI */,
				6CADE8A42D198CA20035A82D /* Products */,
				64759310FE8694A3F973361F /* Pods */,
				E5DFFC49A08A4951D8C1B47C /* Frameworks */,
			);
			sourceTree = "<group>";
		};
		6CADE8A42D198CA20035A82D /* Products */ = {
			isa = PBXGroup;
			children = (
				6CADE8A32D198CA20035A82D /* StatsAPI.framework */,
			);
			name = Products;
			sourceTree = "<group>";
		};
		6CADE9622D19905E0035A82D /* DTOs */ = {
			isa = PBXGroup;
			children = (
				6CADE95F2D19905E0035A82D /* League.swift */,
				6CADE9602D19905E0035A82D /* Club.swift */,
				6CADE9612D19905E0035A82D /* Player.swift */,
			);
			path = DTOs;
			sourceTree = "<group>";
		};
		6CFA87EE2D1998C00093844B /* Responses */ = {
			isa = PBXGroup;
			children = (
				6CFA87EB2D1998C00093844B /* LeagueResponse.swift */,
				6CFA87EC2D1998C00093844B /* ClubsResponse.swift */,
				6CFA87ED2D1998C00093844B /* PlayerResponse.swift */,
			);
			path = Responses;
			sourceTree = "<group>";
		};
		E5DFFC49A08A4951D8C1B47C /* Frameworks */ = {
			isa = PBXGroup;
			children = (
				68AF3DA7D9920E271C772783 /* Pods_StatsAPI.framework */,
			);
			name = Frameworks;
			sourceTree = "<group>";
		};
/* End PBXGroup section */

/* Begin PBXHeadersBuildPhase section */
		6CADE89E2D198CA20035A82D /* Headers */ = {
			isa = PBXHeadersBuildPhase;
			buildActionMask = 2147483647;
			files = (
			);
			runOnlyForDeploymentPostprocessing = 0;
		};
/* End PBXHeadersBuildPhase section */

/* Begin PBXNativeTarget section */
		6CADE8A22D198CA20035A82D /* StatsAPI */ = {
			isa = PBXNativeTarget;
			buildConfigurationList = 6CADE8A92D198CA20035A82D /* Build configuration list for PBXNativeTarget "StatsAPI" */;
			buildPhases = (
				2A3ADAD1D2A07AF38AC09A23 /* [CP] Check Pods Manifest.lock */,
				6CADE89E2D198CA20035A82D /* Headers */,
				6CADE89F2D198CA20035A82D /* Sources */,
				6CADE8A02D198CA20035A82D /* Frameworks */,
				6CADE8A12D198CA20035A82D /* Resources */,
			);
			buildRules = (
			);
			dependencies = (
			);
			fileSystemSynchronizedGroups = (
				6CADE8A52D198CA20035A82D /* StatsAPI */,
			);
			name = StatsAPI;
			productName = StatsAPI;
			productReference = 6CADE8A32D198CA20035A82D /* StatsAPI.framework */;
			productType = "com.apple.product-type.framework";
		};
/* End PBXNativeTarget section */

/* Begin PBXProject section */
		6CADE89A2D198CA20035A82D /* Project object */ = {
			isa = PBXProject;
			attributes = {
				BuildIndependentTargetsInParallel = 1;
				LastUpgradeCheck = 1610;
				TargetAttributes = {
					6CADE8A22D198CA20035A82D = {
						CreatedOnToolsVersion = 16.1;
						LastSwiftMigration = 1610;
					};
				};
			};
			buildConfigurationList = 6CADE89D2D198CA20035A82D /* Build configuration list for PBXProject "StatsAPI" */;
			developmentRegion = en;
			hasScannedForEncodings = 0;
			knownRegions = (
				en,
				Base,
			);
			mainGroup = 6CADE8992D198CA20035A82D;
			minimizedProjectReferenceProxies = 1;
			preferredProjectObjectVersion = 77;
			productRefGroup = 6CADE8A42D198CA20035A82D /* Products */;
			projectDirPath = "";
			projectRoot = "";
			targets = (
				6CADE8A22D198CA20035A82D /* StatsAPI */,
			);
		};
/* End PBXProject section */

/* Begin PBXResourcesBuildPhase section */
		6CADE8A12D198CA20035A82D /* Resources */ = {
			isa = PBXResourcesBuildPhase;
			buildActionMask = 2147483647;
			files = (
			);
			runOnlyForDeploymentPostprocessing = 0;
		};
/* End PBXResourcesBuildPhase section */

/* Begin PBXShellScriptBuildPhase section */
		2A3ADAD1D2A07AF38AC09A23 /* [CP] Check Pods Manifest.lock */ = {
			isa = PBXShellScriptBuildPhase;
			buildActionMask = 2147483647;
			files = (
			);
			inputFileListPaths = (
			);
			inputPaths = (
				"${PODS_PODFILE_DIR_PATH}/Podfile.lock",
				"${PODS_ROOT}/Manifest.lock",
			);
			name = "[CP] Check Pods Manifest.lock";
			outputFileListPaths = (
			);
			outputPaths = (
				"$(DERIVED_FILE_DIR)/Pods-StatsAPI-checkManifestLockResult.txt",
			);
			runOnlyForDeploymentPostprocessing = 0;
			shellPath = /bin/sh;
			shellScript = "diff \"${PODS_PODFILE_DIR_PATH}/Podfile.lock\" \"${PODS_ROOT}/Manifest.lock\" > /dev/null\nif [ $? != 0 ] ; then\n    # print error to STDERR\n    echo \"error: The sandbox is not in sync with the Podfile.lock. Run 'pod install' or update your CocoaPods installation.\" >&2\n    exit 1\nfi\n# This output is used by Xcode 'outputs' to avoid re-running this script phase.\necho \"SUCCESS\" > \"${SCRIPT_OUTPUT_FILE_0}\"\n";
			showEnvVarsInLog = 0;
		};
/* End PBXShellScriptBuildPhase section */

/* Begin PBXSourcesBuildPhase section */
		6CADE89F2D198CA20035A82D /* Sources */ = {
			isa = PBXSourcesBuildPhase;
			buildActionMask = 2147483647;
			files = (
				6CADE95E2D1990590035A82D /* StatsService.swift in Sources */,
				6CADE9632D19905E0035A82D /* Player.swift in Sources */,
				6CADE9642D19905E0035A82D /* Club.swift in Sources */,
				6CADE9652D19905E0035A82D /* League.swift in Sources */,
				6CFA87EF2D1998C00093844B /* LeagueResponse.swift in Sources */,
				6CFA87F02D1998C00093844B /* PlayerResponse.swift in Sources */,
				6CFA87F12D1998C00093844B /* ClubsResponse.swift in Sources */,
			);
			runOnlyForDeploymentPostprocessing = 0;
		};
/* End PBXSourcesBuildPhase section */

/* Begin XCBuildConfiguration section */
		6CADE8AA2D198CA20035A82D /* Debug */ = {
			isa = XCBuildConfiguration;
			baseConfigurationReference = 29A2AE04CD822E133971A95D /* Pods-StatsAPI.debug.xcconfig */;
			buildSettings = {
				BUILD_LIBRARY_FOR_DISTRIBUTION = YES;
				CLANG_ENABLE_MODULES = YES;
				CODE_SIGN_STYLE = Automatic;
				CURRENT_PROJECT_VERSION = 1;
				DEFINES_MODULE = YES;
				DEVELOPMENT_TEAM = 65P96M69U6;
				DYLIB_COMPATIBILITY_VERSION = 1;
				DYLIB_CURRENT_VERSION = 1;
				DYLIB_INSTALL_NAME_BASE = "@rpath";
				ENABLE_MODULE_VERIFIER = YES;
				GENERATE_INFOPLIST_FILE = YES;
				INFOPLIST_KEY_NSHumanReadableCopyright = "";
				INSTALL_PATH = "$(LOCAL_LIBRARY_DIR)/Frameworks";
				IPHONEOS_DEPLOYMENT_TARGET = 17.0;
				LD_RUNPATH_SEARCH_PATHS = (
					"$(inherited)",
					"@executable_path/Frameworks",
					"@loader_path/Frameworks",
				);
				MARKETING_VERSION = 1.0;
				MODULE_VERIFIER_SUPPORTED_LANGUAGES = "objective-c objective-c++";
				MODULE_VERIFIER_SUPPORTED_LANGUAGE_STANDARDS = "gnu17 gnu++20";
				PRODUCT_BUNDLE_IDENTIFIER = com.DavuthanKurt.StatsAPI;
				PRODUCT_NAME = "$(TARGET_NAME:c99extidentifier)";
				SKIP_INSTALL = YES;
				SWIFT_EMIT_LOC_STRINGS = YES;
				SWIFT_INSTALL_OBJC_HEADER = NO;
				SWIFT_OPTIMIZATION_LEVEL = "-Onone";
				SWIFT_VERSION = 5.0;
				TARGETED_DEVICE_FAMILY = "1,2";
			};
			name = Debug;
		};
		6CADE8AB2D198CA20035A82D /* Release */ = {
			isa = XCBuildConfiguration;
			baseConfigurationReference = E5895F48F3999C2FBF68C78F /* Pods-StatsAPI.release.xcconfig */;
			buildSettings = {
				BUILD_LIBRARY_FOR_DISTRIBUTION = YES;
				CLANG_ENABLE_MODULES = YES;
				CODE_SIGN_STYLE = Automatic;
				CURRENT_PROJECT_VERSION = 1;
				DEFINES_MODULE = YES;
				DEVELOPMENT_TEAM = 65P96M69U6;
				DYLIB_COMPATIBILITY_VERSION = 1;
				DYLIB_CURRENT_VERSION = 1;
				DYLIB_INSTALL_NAME_BASE = "@rpath";
				ENABLE_MODULE_VERIFIER = YES;
				GENERATE_INFOPLIST_FILE = YES;
				INFOPLIST_KEY_NSHumanReadableCopyright = "";
				INSTALL_PATH = "$(LOCAL_LIBRARY_DIR)/Frameworks";
				IPHONEOS_DEPLOYMENT_TARGET = 17.0;
				LD_RUNPATH_SEARCH_PATHS = (
					"$(inherited)",
					"@executable_path/Frameworks",
					"@loader_path/Frameworks",
				);
				MARKETING_VERSION = 1.0;
				MODULE_VERIFIER_SUPPORTED_LANGUAGES = "objective-c objective-c++";
				MODULE_VERIFIER_SUPPORTED_LANGUAGE_STANDARDS = "gnu17 gnu++20";
				PRODUCT_BUNDLE_IDENTIFIER = com.DavuthanKurt.StatsAPI;
				PRODUCT_NAME = "$(TARGET_NAME:c99extidentifier)";
				SKIP_INSTALL = YES;
				SWIFT_EMIT_LOC_STRINGS = YES;
				SWIFT_INSTALL_OBJC_HEADER = NO;
				SWIFT_VERSION = 5.0;
				TARGETED_DEVICE_FAMILY = "1,2";
			};
			name = Release;
		};
		6CADE8AC2D198CA20035A82D /* Debug */ = {
			isa = XCBuildConfiguration;
			buildSettings = {
				ALWAYS_SEARCH_USER_PATHS = NO;
				ASSETCATALOG_COMPILER_GENERATE_SWIFT_ASSET_SYMBOL_EXTENSIONS = YES;
				CLANG_ANALYZER_NONNULL = YES;
				CLANG_ANALYZER_NUMBER_OBJECT_CONVERSION = YES_AGGRESSIVE;
				CLANG_CXX_LANGUAGE_STANDARD = "gnu++20";
				CLANG_ENABLE_MODULES = YES;
				CLANG_ENABLE_OBJC_ARC = YES;
				CLANG_ENABLE_OBJC_WEAK = YES;
				CLANG_WARN_BLOCK_CAPTURE_AUTORELEASING = YES;
				CLANG_WARN_BOOL_CONVERSION = YES;
				CLANG_WARN_COMMA = YES;
				CLANG_WARN_CONSTANT_CONVERSION = YES;
				CLANG_WARN_DEPRECATED_OBJC_IMPLEMENTATIONS = YES;
				CLANG_WARN_DIRECT_OBJC_ISA_USAGE = YES_ERROR;
				CLANG_WARN_DOCUMENTATION_COMMENTS = YES;
				CLANG_WARN_EMPTY_BODY = YES;
				CLANG_WARN_ENUM_CONVERSION = YES;
				CLANG_WARN_INFINITE_RECURSION = YES;
				CLANG_WARN_INT_CONVERSION = YES;
				CLANG_WARN_NON_LITERAL_NULL_CONVERSION = YES;
				CLANG_WARN_OBJC_IMPLICIT_RETAIN_SELF = YES;
				CLANG_WARN_OBJC_LITERAL_CONVERSION = YES;
				CLANG_WARN_OBJC_ROOT_CLASS = YES_ERROR;
				CLANG_WARN_QUOTED_INCLUDE_IN_FRAMEWORK_HEADER = YES;
				CLANG_WARN_RANGE_LOOP_ANALYSIS = YES;
				CLANG_WARN_STRICT_PROTOTYPES = YES;
				CLANG_WARN_SUSPICIOUS_MOVE = YES;
				CLANG_WARN_UNGUARDED_AVAILABILITY = YES_AGGRESSIVE;
				CLANG_WARN_UNREACHABLE_CODE = YES;
				CLANG_WARN__DUPLICATE_METHOD_MATCH = YES;
				COPY_PHASE_STRIP = NO;
				CURRENT_PROJECT_VERSION = 1;
				DEBUG_INFORMATION_FORMAT = dwarf;
				ENABLE_STRICT_OBJC_MSGSEND = YES;
				ENABLE_TESTABILITY = YES;
				ENABLE_USER_SCRIPT_SANDBOXING = NO;
				GCC_C_LANGUAGE_STANDARD = gnu17;
				GCC_DYNAMIC_NO_PIC = NO;
				GCC_NO_COMMON_BLOCKS = YES;
				GCC_OPTIMIZATION_LEVEL = 0;
				GCC_PREPROCESSOR_DEFINITIONS = (
					"DEBUG=1",
					"$(inherited)",
				);
				GCC_WARN_64_TO_32_BIT_CONVERSION = YES;
				GCC_WARN_ABOUT_RETURN_TYPE = YES_ERROR;
				GCC_WARN_UNDECLARED_SELECTOR = YES;
				GCC_WARN_UNINITIALIZED_AUTOS = YES_AGGRESSIVE;
				GCC_WARN_UNUSED_FUNCTION = YES;
				GCC_WARN_UNUSED_VARIABLE = YES;
				IPHONEOS_DEPLOYMENT_TARGET = 18.1;
				LOCALIZATION_PREFERS_STRING_CATALOGS = YES;
				MTL_ENABLE_DEBUG_INFO = INCLUDE_SOURCE;
				MTL_FAST_MATH = YES;
				ONLY_ACTIVE_ARCH = YES;
				SDKROOT = iphoneos;
				SWIFT_ACTIVE_COMPILATION_CONDITIONS = "DEBUG $(inherited)";
				SWIFT_OPTIMIZATION_LEVEL = "-Onone";
				VERSIONING_SYSTEM = "apple-generic";
				VERSION_INFO_PREFIX = "";
			};
			name = Debug;
		};
		6CADE8AD2D198CA20035A82D /* Release */ = {
			isa = XCBuildConfiguration;
			buildSettings = {
				ALWAYS_SEARCH_USER_PATHS = NO;
				ASSETCATALOG_COMPILER_GENERATE_SWIFT_ASSET_SYMBOL_EXTENSIONS = YES;
				CLANG_ANALYZER_NONNULL = YES;
				CLANG_ANALYZER_NUMBER_OBJECT_CONVERSION = YES_AGGRESSIVE;
				CLANG_CXX_LANGUAGE_STANDARD = "gnu++20";
				CLANG_ENABLE_MODULES = YES;
				CLANG_ENABLE_OBJC_ARC = YES;
				CLANG_ENABLE_OBJC_WEAK = YES;
				CLANG_WARN_BLOCK_CAPTURE_AUTORELEASING = YES;
				CLANG_WARN_BOOL_CONVERSION = YES;
				CLANG_WARN_COMMA = YES;
				CLANG_WARN_CONSTANT_CONVERSION = YES;
				CLANG_WARN_DEPRECATED_OBJC_IMPLEMENTATIONS = YES;
				CLANG_WARN_DIRECT_OBJC_ISA_USAGE = YES_ERROR;
				CLANG_WARN_DOCUMENTATION_COMMENTS = YES;
				CLANG_WARN_EMPTY_BODY = YES;
				CLANG_WARN_ENUM_CONVERSION = YES;
				CLANG_WARN_INFINITE_RECURSION = YES;
				CLANG_WARN_INT_CONVERSION = YES;
				CLANG_WARN_NON_LITERAL_NULL_CONVERSION = YES;
				CLANG_WARN_OBJC_IMPLICIT_RETAIN_SELF = YES;
				CLANG_WARN_OBJC_LITERAL_CONVERSION = YES;
				CLANG_WARN_OBJC_ROOT_CLASS = YES_ERROR;
				CLANG_WARN_QUOTED_INCLUDE_IN_FRAMEWORK_HEADER = YES;
				CLANG_WARN_RANGE_LOOP_ANALYSIS = YES;
				CLANG_WARN_STRICT_PROTOTYPES = YES;
				CLANG_WARN_SUSPICIOUS_MOVE = YES;
				CLANG_WARN_UNGUARDED_AVAILABILITY = YES_AGGRESSIVE;
				CLANG_WARN_UNREACHABLE_CODE = YES;
				CLANG_WARN__DUPLICATE_METHOD_MATCH = YES;
				COPY_PHASE_STRIP = NO;
				CURRENT_PROJECT_VERSION = 1;
				DEBUG_INFORMATION_FORMAT = "dwarf-with-dsym";
				ENABLE_NS_ASSERTIONS = NO;
				ENABLE_STRICT_OBJC_MSGSEND = YES;
				ENABLE_USER_SCRIPT_SANDBOXING = NO;
				GCC_C_LANGUAGE_STANDARD = gnu17;
				GCC_NO_COMMON_BLOCKS = YES;
				GCC_WARN_64_TO_32_BIT_CONVERSION = YES;
				GCC_WARN_ABOUT_RETURN_TYPE = YES_ERROR;
				GCC_WARN_UNDECLARED_SELECTOR = YES;
				GCC_WARN_UNINITIALIZED_AUTOS = YES_AGGRESSIVE;
				GCC_WARN_UNUSED_FUNCTION = YES;
				GCC_WARN_UNUSED_VARIABLE = YES;
				IPHONEOS_DEPLOYMENT_TARGET = 18.1;
				LOCALIZATION_PREFERS_STRING_CATALOGS = YES;
				MTL_ENABLE_DEBUG_INFO = NO;
				MTL_FAST_MATH = YES;
				SDKROOT = iphoneos;
				SWIFT_COMPILATION_MODE = wholemodule;
				VALIDATE_PRODUCT = YES;
				VERSIONING_SYSTEM = "apple-generic";
				VERSION_INFO_PREFIX = "";
			};
			name = Release;
		};
/* End XCBuildConfiguration section */

/* Begin XCConfigurationList section */
		6CADE89D2D198CA20035A82D /* Build configuration list for PBXProject "StatsAPI" */ = {
			isa = XCConfigurationList;
			buildConfigurations = (
				6CADE8AC2D198CA20035A82D /* Debug */,
				6CADE8AD2D198CA20035A82D /* Release */,
			);
			defaultConfigurationIsVisible = 0;
			defaultConfigurationName = Release;
		};
		6CADE8A92D198CA20035A82D /* Build configuration list for PBXNativeTarget "StatsAPI" */ = {
			isa = XCConfigurationList;
			buildConfigurations = (
				6CADE8AA2D198CA20035A82D /* Debug */,
				6CADE8AB2D198CA20035A82D /* Release */,
			);
			defaultConfigurationIsVisible = 0;
			defaultConfigurationName = Release;
		};
/* End XCConfigurationList section */
	};
	rootObject = 6CADE89A2D198CA20035A82D /* Project object */;
}
